
Microsoft Visual Studio Solution File, Format Version 12.00
# Visual Studio 15
VisualStudioVersion = 15.0.28307.329
MinimumVisualStudioVersion = 10.0.40219.1
Project("{8BC9CEB8-8B4A-11D0-8D11-00A0C91BC942}") = "Hook_XWACockpitLook", "Hook_XWACockpitLook.vcxproj", "{B7D1532C-312D-4A20-97D7-E87D1A129FC4}"
EndProject
Global
	GlobalSection(SolutionConfigurationPlatforms) = preSolution
		Debug|x64 = Debug|x64
		Debug|x86 = Debug|x86
		Release|x64 = Release|x64
		Release|x86 = Release|x86
	EndGlobalSection
	GlobalSection(ProjectConfigurationPlatforms) = postSolution
		{B7D1532C-312D-4A20-97D7-E87D1A129FC4}.Debug|x64.ActiveCfg = Debug|x64
		{B7D1532C-312D-4A20-97D7-E87D1A129FC4}.Debug|x64.Build.0 = Debug|x64
		{B7D1532C-312D-4A20-97D7-E87D1A129FC4}.Debug|x86.ActiveCfg = Debug|Win32
		{B7D1532C-312D-4A20-97D7-E87D1A129FC4}.Debug|x86.Build.0 = Debug|Win32
		{B7D1532C-312D-4A20-97D7-E87D1A129FC4}.Release|x64.ActiveCfg = Release|x64
		{B7D1532C-312D-4A20-97D7-E87D1A129FC4}.Release|x64.Build.0 = Release|x64
		{B7D1532C-312D-4A20-97D7-E87D1A129FC4}.Release|x86.ActiveCfg = Release|Win32
		{B7D1532C-312D-4A20-97D7-E87D1A129FC4}.Release|x86.Build.0 = Release|Win32
	EndGlobalSection
	GlobalSection(SolutionProperties) = preSolution
		HideSolutionNode = FALSE
	EndGlobalSection
	GlobalSection(ExtensibilityGlobals) = postSolution
		SolutionGuid = {4E191BBE-2BD6-4E95-96FB-50B0EC0AD464}
	EndGlobalSection
EndGlobal
